// !$*UTF8*$!
{
	archiveVersion = 1;
	classes = {
	};
	objectVersion = 46;
	objects = {

/* Begin PBXBuildFile section */
		0304D2EA1C72FA3700B1CBAA /* Main.storyboard in Resources */ = {isa = PBXBuildFile; fileRef = 0304D2E91C72FA3700B1CBAA /* Main.storyboard */; };
		0310D24C1C7324C400420462 /* LoginViewController.m in Sources */ = {isa = PBXBuildFile; fileRef = 0310D23F1C7324C400420462 /* LoginViewController.m */; };
		0310D24D1C7324C400420462 /* MatchScheduleViewController.m in Sources */ = {isa = PBXBuildFile; fileRef = 0310D2421C7324C400420462 /* MatchScheduleViewController.m */; };
		0310D24E1C7324C400420462 /* MatchScheduleViewController.xib in Resources */ = {isa = PBXBuildFile; fileRef = 0310D2431C7324C400420462 /* MatchScheduleViewController.xib */; };
		0310D24F1C7324C400420462 /* Organizer.storyboard in Resources */ = {isa = PBXBuildFile; fileRef = 0310D2451C7324C400420462 /* Organizer.storyboard */; };
		0310D2501C7324C400420462 /* OrganizerViewController.m in Sources */ = {isa = PBXBuildFile; fileRef = 0310D2471C7324C400420462 /* OrganizerViewController.m */; };
		0310D2511C7324C400420462 /* SignUpViewController.m in Sources */ = {isa = PBXBuildFile; fileRef = 0310D24A1C7324C400420462 /* SignUpViewController.m */; };
		0310D2591C7324FB00420462 /* EmptySegue.m in Sources */ = {isa = PBXBuildFile; fileRef = 0310D2551C7324FB00420462 /* EmptySegue.m */; };
		0310D25A1C7324FB00420462 /* OrganizerObjectsClass.m in Sources */ = {isa = PBXBuildFile; fileRef = 0310D2581C7324FB00420462 /* OrganizerObjectsClass.m */; };
		0310D2601C73252D00420462 /* SliderCustomView.m in Sources */ = {isa = PBXBuildFile; fileRef = 0310D25E1C73252D00420462 /* SliderCustomView.m */; };
		0310D2611C73252D00420462 /* SliderCustomView.xib in Resources */ = {isa = PBXBuildFile; fileRef = 0310D25F1C73252D00420462 /* SliderCustomView.xib */; };
		0310D2641C7325A600420462 /* ContainerViewController.m in Sources */ = {isa = PBXBuildFile; fileRef = 0310D2631C7325A600420462 /* ContainerViewController.m */; };
		C30DB6081C732B2C00E0D53C /* DetailsCustomView.m in Sources */ = {isa = PBXBuildFile; fileRef = C30DB6071C732B2C00E0D53C /* DetailsCustomView.m */; };
		C30DB60B1C732B4E00E0D53C /* DetailsRightCustomView.m in Sources */ = {isa = PBXBuildFile; fileRef = C30DB60A1C732B4E00E0D53C /* DetailsRightCustomView.m */; };
		C30DB60D1C732B9400E0D53C /* DetailsCustomView.xib in Resources */ = {isa = PBXBuildFile; fileRef = C30DB60C1C732B9400E0D53C /* DetailsCustomView.xib */; };
		C30DB60F1C732BA000E0D53C /* DetailsRightCustomView.xib in Resources */ = {isa = PBXBuildFile; fileRef = C30DB60E1C732BA000E0D53C /* DetailsRightCustomView.xib */; };
		C30DB6141C732CFA00E0D53C /* GroundViewController.m in Sources */ = {isa = PBXBuildFile; fileRef = C30DB6131C732CFA00E0D53C /* GroundViewController.m */; };
		C30DB6181C732D6600E0D53C /* NetViewController.m in Sources */ = {isa = PBXBuildFile; fileRef = C30DB6161C732D6600E0D53C /* NetViewController.m */; };
		C30DB6191C732D6600E0D53C /* NetViewController.xib in Resources */ = {isa = PBXBuildFile; fileRef = C30DB6171C732D6600E0D53C /* NetViewController.xib */; };
		C30DB61B1C732DA000E0D53C /* GroundViewControllerStoryboard.storyboard in Resources */ = {isa = PBXBuildFile; fileRef = C30DB61A1C732DA000E0D53C /* GroundViewControllerStoryboard.storyboard */; };
		F242FDD21C6E21300060DF31 /* main.m in Sources */ = {isa = PBXBuildFile; fileRef = F242FDD11C6E21300060DF31 /* main.m */; };
		F242FDD51C6E21300060DF31 /* AppDelegate.m in Sources */ = {isa = PBXBuildFile; fileRef = F242FDD41C6E21300060DF31 /* AppDelegate.m */; };
		F242FDD81C6E21300060DF31 /* ViewController.m in Sources */ = {isa = PBXBuildFile; fileRef = F242FDD71C6E21300060DF31 /* ViewController.m */; };
		F242FDDE1C6E21300060DF31 /* SportsApp.xcdatamodeld in Sources */ = {isa = PBXBuildFile; fileRef = F242FDDC1C6E21300060DF31 /* SportsApp.xcdatamodeld */; };
		F242FDE01C6E21300060DF31 /* Assets.xcassets in Resources */ = {isa = PBXBuildFile; fileRef = F242FDDF1C6E21300060DF31 /* Assets.xcassets */; };
		F242FDEE1C6E21300060DF31 /* SportsAppTests.m in Sources */ = {isa = PBXBuildFile; fileRef = F242FDED1C6E21300060DF31 /* SportsAppTests.m */; };
		F242FDF91C6E21300060DF31 /* SportsAppUITests.m in Sources */ = {isa = PBXBuildFile; fileRef = F242FDF81C6E21300060DF31 /* SportsAppUITests.m */; };
/* End PBXBuildFile section */

/* Begin PBXContainerItemProxy section */
		F242FDEA1C6E21300060DF31 /* PBXContainerItemProxy */ = {
			isa = PBXContainerItemProxy;
			containerPortal = F242FDC51C6E212F0060DF31 /* Project object */;
			proxyType = 1;
			remoteGlobalIDString = F242FDCC1C6E212F0060DF31;
			remoteInfo = SportsApp;
		};
		F242FDF51C6E21300060DF31 /* PBXContainerItemProxy */ = {
			isa = PBXContainerItemProxy;
			containerPortal = F242FDC51C6E212F0060DF31 /* Project object */;
			proxyType = 1;
			remoteGlobalIDString = F242FDCC1C6E212F0060DF31;
			remoteInfo = SportsApp;
		};
/* End PBXContainerItemProxy section */

/* Begin PBXFileReference section */
		0304D2E91C72FA3700B1CBAA /* Main.storyboard */ = {isa = PBXFileReference; fileEncoding = 4; lastKnownFileType = file.storyboard; path = Main.storyboard; sourceTree = "<group>"; };
		0310D23E1C7324C400420462 /* LoginViewController.h */ = {isa = PBXFileReference; fileEncoding = 4; lastKnownFileType = sourcecode.c.h; path = LoginViewController.h; sourceTree = "<group>"; };
		0310D23F1C7324C400420462 /* LoginViewController.m */ = {isa = PBXFileReference; fileEncoding = 4; lastKnownFileType = sourcecode.c.objc; path = LoginViewController.m; sourceTree = "<group>"; };
		0310D2411C7324C400420462 /* MatchScheduleViewController.h */ = {isa = PBXFileReference; fileEncoding = 4; lastKnownFileType = sourcecode.c.h; path = MatchScheduleViewController.h; sourceTree = "<group>"; };
		0310D2421C7324C400420462 /* MatchScheduleViewController.m */ = {isa = PBXFileReference; fileEncoding = 4; lastKnownFileType = sourcecode.c.objc; path = MatchScheduleViewController.m; sourceTree = "<group>"; };
		0310D2431C7324C400420462 /* MatchScheduleViewController.xib */ = {isa = PBXFileReference; fileEncoding = 4; lastKnownFileType = file.xib; path = MatchScheduleViewController.xib; sourceTree = "<group>"; };
		0310D2451C7324C400420462 /* Organizer.storyboard */ = {isa = PBXFileReference; fileEncoding = 4; lastKnownFileType = file.storyboard; path = Organizer.storyboard; sourceTree = "<group>"; };
		0310D2461C7324C400420462 /* OrganizerViewController.h */ = {isa = PBXFileReference; fileEncoding = 4; lastKnownFileType = sourcecode.c.h; path = OrganizerViewController.h; sourceTree = "<group>"; };
		0310D2471C7324C400420462 /* OrganizerViewController.m */ = {isa = PBXFileReference; fileEncoding = 4; lastKnownFileType = sourcecode.c.objc; path = OrganizerViewController.m; sourceTree = "<group>"; };
		0310D2491C7324C400420462 /* SignUpViewController.h */ = {isa = PBXFileReference; fileEncoding = 4; lastKnownFileType = sourcecode.c.h; path = SignUpViewController.h; sourceTree = "<group>"; };
		0310D24A1C7324C400420462 /* SignUpViewController.m */ = {isa = PBXFileReference; fileEncoding = 4; lastKnownFileType = sourcecode.c.objc; path = SignUpViewController.m; sourceTree = "<group>"; };
		0310D2541C7324FB00420462 /* EmptySegue.h */ = {isa = PBXFileReference; fileEncoding = 4; lastKnownFileType = sourcecode.c.h; path = EmptySegue.h; sourceTree = "<group>"; };
		0310D2551C7324FB00420462 /* EmptySegue.m */ = {isa = PBXFileReference; fileEncoding = 4; lastKnownFileType = sourcecode.c.objc; path = EmptySegue.m; sourceTree = "<group>"; };
		0310D2571C7324FB00420462 /* OrganizerObjectsClass.h */ = {isa = PBXFileReference; fileEncoding = 4; lastKnownFileType = sourcecode.c.h; path = OrganizerObjectsClass.h; sourceTree = "<group>"; };
		0310D2581C7324FB00420462 /* OrganizerObjectsClass.m */ = {isa = PBXFileReference; fileEncoding = 4; lastKnownFileType = sourcecode.c.objc; path = OrganizerObjectsClass.m; sourceTree = "<group>"; };
		0310D25D1C73252D00420462 /* SliderCustomView.h */ = {isa = PBXFileReference; fileEncoding = 4; lastKnownFileType = sourcecode.c.h; path = SliderCustomView.h; sourceTree = "<group>"; };
		0310D25E1C73252D00420462 /* SliderCustomView.m */ = {isa = PBXFileReference; fileEncoding = 4; lastKnownFileType = sourcecode.c.objc; path = SliderCustomView.m; sourceTree = "<group>"; };
		0310D25F1C73252D00420462 /* SliderCustomView.xib */ = {isa = PBXFileReference; fileEncoding = 4; lastKnownFileType = file.xib; path = SliderCustomView.xib; sourceTree = "<group>"; };
		0310D2621C7325A600420462 /* ContainerViewController.h */ = {isa = PBXFileReference; fileEncoding = 4; lastKnownFileType = sourcecode.c.h; path = ContainerViewController.h; sourceTree = "<group>"; };
		0310D2631C7325A600420462 /* ContainerViewController.m */ = {isa = PBXFileReference; fileEncoding = 4; lastKnownFileType = sourcecode.c.objc; path = ContainerViewController.m; sourceTree = "<group>"; };
		C30DB6061C732B2C00E0D53C /* DetailsCustomView.h */ = {isa = PBXFileReference; fileEncoding = 4; lastKnownFileType = sourcecode.c.h; path = DetailsCustomView.h; sourceTree = "<group>"; };
		C30DB6071C732B2C00E0D53C /* DetailsCustomView.m */ = {isa = PBXFileReference; fileEncoding = 4; lastKnownFileType = sourcecode.c.objc; path = DetailsCustomView.m; sourceTree = "<group>"; };
		C30DB6091C732B4E00E0D53C /* DetailsRightCustomView.h */ = {isa = PBXFileReference; fileEncoding = 4; lastKnownFileType = sourcecode.c.h; path = DetailsRightCustomView.h; sourceTree = "<group>"; };
		C30DB60A1C732B4E00E0D53C /* DetailsRightCustomView.m */ = {isa = PBXFileReference; fileEncoding = 4; lastKnownFileType = sourcecode.c.objc; path = DetailsRightCustomView.m; sourceTree = "<group>"; };
		C30DB60C1C732B9400E0D53C /* DetailsCustomView.xib */ = {isa = PBXFileReference; fileEncoding = 4; lastKnownFileType = file.xib; path = DetailsCustomView.xib; sourceTree = "<group>"; };
		C30DB60E1C732BA000E0D53C /* DetailsRightCustomView.xib */ = {isa = PBXFileReference; fileEncoding = 4; lastKnownFileType = file.xib; path = DetailsRightCustomView.xib; sourceTree = "<group>"; };
		C30DB6121C732CFA00E0D53C /* GroundViewController.h */ = {isa = PBXFileReference; fileEncoding = 4; lastKnownFileType = sourcecode.c.h; path = GroundViewController.h; sourceTree = "<group>"; };
		C30DB6131C732CFA00E0D53C /* GroundViewController.m */ = {isa = PBXFileReference; fileEncoding = 4; lastKnownFileType = sourcecode.c.objc; path = GroundViewController.m; sourceTree = "<group>"; };
		C30DB6151C732D6600E0D53C /* NetViewController.h */ = {isa = PBXFileReference; fileEncoding = 4; lastKnownFileType = sourcecode.c.h; path = NetViewController.h; sourceTree = "<group>"; };
		C30DB6161C732D6600E0D53C /* NetViewController.m */ = {isa = PBXFileReference; fileEncoding = 4; lastKnownFileType = sourcecode.c.objc; path = NetViewController.m; sourceTree = "<group>"; };
		C30DB6171C732D6600E0D53C /* NetViewController.xib */ = {isa = PBXFileReference; fileEncoding = 4; lastKnownFileType = file.xib; path = NetViewController.xib; sourceTree = "<group>"; };
		C30DB61A1C732DA000E0D53C /* GroundViewControllerStoryboard.storyboard */ = {isa = PBXFileReference; fileEncoding = 4; lastKnownFileType = file.storyboard; path = GroundViewControllerStoryboard.storyboard; sourceTree = "<group>"; };
		F242FDCD1C6E212F0060DF31 /* SportsApp.app */ = {isa = PBXFileReference; explicitFileType = wrapper.application; includeInIndex = 0; path = SportsApp.app; sourceTree = BUILT_PRODUCTS_DIR; };
		F242FDD11C6E21300060DF31 /* main.m */ = {isa = PBXFileReference; lastKnownFileType = sourcecode.c.objc; path = main.m; sourceTree = "<group>"; };
		F242FDD31C6E21300060DF31 /* AppDelegate.h */ = {isa = PBXFileReference; lastKnownFileType = sourcecode.c.h; path = AppDelegate.h; sourceTree = "<group>"; };
		F242FDD41C6E21300060DF31 /* AppDelegate.m */ = {isa = PBXFileReference; lastKnownFileType = sourcecode.c.objc; path = AppDelegate.m; sourceTree = "<group>"; };
		F242FDD61C6E21300060DF31 /* ViewController.h */ = {isa = PBXFileReference; lastKnownFileType = sourcecode.c.h; path = ViewController.h; sourceTree = "<group>"; };
		F242FDD71C6E21300060DF31 /* ViewController.m */ = {isa = PBXFileReference; lastKnownFileType = sourcecode.c.objc; path = ViewController.m; sourceTree = "<group>"; };
		F242FDDD1C6E21300060DF31 /* SportsApp.xcdatamodel */ = {isa = PBXFileReference; lastKnownFileType = wrapper.xcdatamodel; path = SportsApp.xcdatamodel; sourceTree = "<group>"; };
		F242FDDF1C6E21300060DF31 /* Assets.xcassets */ = {isa = PBXFileReference; lastKnownFileType = folder.assetcatalog; path = Assets.xcassets; sourceTree = "<group>"; };
		F242FDE41C6E21300060DF31 /* Info.plist */ = {isa = PBXFileReference; lastKnownFileType = text.plist.xml; path = Info.plist; sourceTree = "<group>"; };
		F242FDE91C6E21300060DF31 /* SportsAppTests.xctest */ = {isa = PBXFileReference; explicitFileType = wrapper.cfbundle; includeInIndex = 0; path = SportsAppTests.xctest; sourceTree = BUILT_PRODUCTS_DIR; };
		F242FDED1C6E21300060DF31 /* SportsAppTests.m */ = {isa = PBXFileReference; lastKnownFileType = sourcecode.c.objc; path = SportsAppTests.m; sourceTree = "<group>"; };
		F242FDEF1C6E21300060DF31 /* Info.plist */ = {isa = PBXFileReference; lastKnownFileType = text.plist.xml; path = Info.plist; sourceTree = "<group>"; };
		F242FDF41C6E21300060DF31 /* SportsAppUITests.xctest */ = {isa = PBXFileReference; explicitFileType = wrapper.cfbundle; includeInIndex = 0; path = SportsAppUITests.xctest; sourceTree = BUILT_PRODUCTS_DIR; };
		F242FDF81C6E21300060DF31 /* SportsAppUITests.m */ = {isa = PBXFileReference; lastKnownFileType = sourcecode.c.objc; path = SportsAppUITests.m; sourceTree = "<group>"; };
		F242FDFA1C6E21300060DF31 /* Info.plist */ = {isa = PBXFileReference; lastKnownFileType = text.plist.xml; path = Info.plist; sourceTree = "<group>"; };
/* End PBXFileReference section */

/* Begin PBXFrameworksBuildPhase section */
		F242FDCA1C6E212F0060DF31 /* Frameworks */ = {
			isa = PBXFrameworksBuildPhase;
			buildActionMask = 2147483647;
			files = (
			);
			runOnlyForDeploymentPostprocessing = 0;
		};
		F242FDE61C6E21300060DF31 /* Frameworks */ = {
			isa = PBXFrameworksBuildPhase;
			buildActionMask = 2147483647;
			files = (
			);
			runOnlyForDeploymentPostprocessing = 0;
		};
		F242FDF11C6E21300060DF31 /* Frameworks */ = {
			isa = PBXFrameworksBuildPhase;
			buildActionMask = 2147483647;
			files = (
			);
			runOnlyForDeploymentPostprocessing = 0;
		};
/* End PBXFrameworksBuildPhase section */

/* Begin PBXGroup section */
		0304D2D71C72F89500B1CBAA /* Base.lproj */ = {
			isa = PBXGroup;
			children = (
			);
			path = Base.lproj;
			sourceTree = "<group>";
		};
		0310D2391C7324C400420462 /* ViewController */ = {
			isa = PBXGroup;
			children = (
				C30DB6101C732C2D00E0D53C /* GroundVC */,
				C30DB6111C732C2D00E0D53C /* NetVC */,
				0310D23A1C7324C400420462 /* ContainerVC */,
				0310D23D1C7324C400420462 /* LoginVC */,
				0310D2401C7324C400420462 /* MatchScheduleVC */,
				0310D2441C7324C400420462 /* Organizer */,
				0310D2481C7324C400420462 /* SignUpVC */,
			);
			path = ViewController;
			sourceTree = "<group>";
		};
		0310D23A1C7324C400420462 /* ContainerVC */ = {
			isa = PBXGroup;
			children = (
				0310D2621C7325A600420462 /* ContainerViewController.h */,
				0310D2631C7325A600420462 /* ContainerViewController.m */,
			);
			path = ContainerVC;
			sourceTree = "<group>";
		};
		0310D23D1C7324C400420462 /* LoginVC */ = {
			isa = PBXGroup;
			children = (
				0310D23E1C7324C400420462 /* LoginViewController.h */,
				0310D23F1C7324C400420462 /* LoginViewController.m */,
			);
			path = LoginVC;
			sourceTree = "<group>";
		};
		0310D2401C7324C400420462 /* MatchScheduleVC */ = {
			isa = PBXGroup;
			children = (
				0310D2411C7324C400420462 /* MatchScheduleViewController.h */,
				0310D2421C7324C400420462 /* MatchScheduleViewController.m */,
				0310D2431C7324C400420462 /* MatchScheduleViewController.xib */,
			);
			path = MatchScheduleVC;
			sourceTree = "<group>";
		};
		0310D2441C7324C400420462 /* Organizer */ = {
			isa = PBXGroup;
			children = (
				0310D2451C7324C400420462 /* Organizer.storyboard */,
				0310D2461C7324C400420462 /* OrganizerViewController.h */,
				0310D2471C7324C400420462 /* OrganizerViewController.m */,
			);
			path = Organizer;
			sourceTree = "<group>";
		};
		0310D2481C7324C400420462 /* SignUpVC */ = {
			isa = PBXGroup;
			children = (
				0310D2491C7324C400420462 /* SignUpViewController.h */,
				0310D24A1C7324C400420462 /* SignUpViewController.m */,
			);
			path = SignUpVC;
			sourceTree = "<group>";
		};
		0310D2521C7324FB00420462 /* ModelClasses */ = {
			isa = PBXGroup;
			children = (
				0310D2531C7324FB00420462 /* CustomSegue */,
				0310D2561C7324FB00420462 /* OrganizerMC */,
			);
			path = ModelClasses;
			sourceTree = "<group>";
		};
		0310D2531C7324FB00420462 /* CustomSegue */ = {
			isa = PBXGroup;
			children = (
				0310D2541C7324FB00420462 /* EmptySegue.h */,
				0310D2551C7324FB00420462 /* EmptySegue.m */,
			);
			path = CustomSegue;
			sourceTree = "<group>";
		};
		0310D2561C7324FB00420462 /* OrganizerMC */ = {
			isa = PBXGroup;
			children = (
				0310D2571C7324FB00420462 /* OrganizerObjectsClass.h */,
				0310D2581C7324FB00420462 /* OrganizerObjectsClass.m */,
			);
			path = OrganizerMC;
			sourceTree = "<group>";
		};
		0310D25B1C73252D00420462 /* CustomUIView */ = {
			isa = PBXGroup;
			children = (
				C30DB6041C732B1200E0D53C /* DetailsCustomView */,
				C30DB6051C732B1200E0D53C /* DetailsRightCustomView */,
				0310D25C1C73252D00420462 /* SliderCustomView */,
			);
			path = CustomUIView;
			sourceTree = "<group>";
		};
		0310D25C1C73252D00420462 /* SliderCustomView */ = {
			isa = PBXGroup;
			children = (
				0310D25D1C73252D00420462 /* SliderCustomView.h */,
				0310D25E1C73252D00420462 /* SliderCustomView.m */,
				0310D25F1C73252D00420462 /* SliderCustomView.xib */,
			);
			path = SliderCustomView;
			sourceTree = "<group>";
		};
		C30DB6041C732B1200E0D53C /* DetailsCustomView */ = {
			isa = PBXGroup;
			children = (
				C30DB6061C732B2C00E0D53C /* DetailsCustomView.h */,
				C30DB6071C732B2C00E0D53C /* DetailsCustomView.m */,
				C30DB60C1C732B9400E0D53C /* DetailsCustomView.xib */,
			);
			path = DetailsCustomView;
			sourceTree = "<group>";
		};
		C30DB6051C732B1200E0D53C /* DetailsRightCustomView */ = {
			isa = PBXGroup;
			children = (
				C30DB6091C732B4E00E0D53C /* DetailsRightCustomView.h */,
				C30DB60A1C732B4E00E0D53C /* DetailsRightCustomView.m */,
				C30DB60E1C732BA000E0D53C /* DetailsRightCustomView.xib */,
			);
			path = DetailsRightCustomView;
			sourceTree = "<group>";
		};
		C30DB6101C732C2D00E0D53C /* GroundVC */ = {
			isa = PBXGroup;
			children = (
				C30DB6121C732CFA00E0D53C /* GroundViewController.h */,
				C30DB6131C732CFA00E0D53C /* GroundViewController.m */,
				C30DB61A1C732DA000E0D53C /* GroundViewControllerStoryboard.storyboard */,
			);
			path = GroundVC;
			sourceTree = "<group>";
		};
		C30DB6111C732C2D00E0D53C /* NetVC */ = {
			isa = PBXGroup;
			children = (
				C30DB6151C732D6600E0D53C /* NetViewController.h */,
				C30DB6161C732D6600E0D53C /* NetViewController.m */,
				C30DB6171C732D6600E0D53C /* NetViewController.xib */,
			);
			path = NetVC;
			sourceTree = "<group>";
		};
		F242FDC41C6E212F0060DF31 = {
			isa = PBXGroup;
			children = (
				F242FDCF1C6E21300060DF31 /* SportsApp */,
				F242FDEC1C6E21300060DF31 /* SportsAppTests */,
				F242FDF71C6E21300060DF31 /* SportsAppUITests */,
				F242FDCE1C6E212F0060DF31 /* Products */,
			);
			sourceTree = "<group>";
		};
		F242FDCE1C6E212F0060DF31 /* Products */ = {
			isa = PBXGroup;
			children = (
				F242FDCD1C6E212F0060DF31 /* SportsApp.app */,
				F242FDE91C6E21300060DF31 /* SportsAppTests.xctest */,
				F242FDF41C6E21300060DF31 /* SportsAppUITests.xctest */,
			);
			name = Products;
			sourceTree = "<group>";
		};
		F242FDCF1C6E21300060DF31 /* SportsApp */ = {
			isa = PBXGroup;
			children = (
				0310D25B1C73252D00420462 /* CustomUIView */,
				0310D2521C7324FB00420462 /* ModelClasses */,
				0310D2391C7324C400420462 /* ViewController */,
				0304D2E91C72FA3700B1CBAA /* Main.storyboard */,
				F242FDD31C6E21300060DF31 /* AppDelegate.h */,
				F242FDD41C6E21300060DF31 /* AppDelegate.m */,
				F242FDD61C6E21300060DF31 /* ViewController.h */,
				F242FDD71C6E21300060DF31 /* ViewController.m */,
				0304D2D71C72F89500B1CBAA /* Base.lproj */,
				F242FDDF1C6E21300060DF31 /* Assets.xcassets */,
				F242FDE41C6E21300060DF31 /* Info.plist */,
				F242FDDC1C6E21300060DF31 /* SportsApp.xcdatamodeld */,
				F242FDD01C6E21300060DF31 /* Supporting Files */,
			);
			path = SportsApp;
			sourceTree = "<group>";
		};
		F242FDD01C6E21300060DF31 /* Supporting Files */ = {
			isa = PBXGroup;
			children = (
				F242FDD11C6E21300060DF31 /* main.m */,
			);
			name = "Supporting Files";
			sourceTree = "<group>";
		};
		F242FDEC1C6E21300060DF31 /* SportsAppTests */ = {
			isa = PBXGroup;
			children = (
				F242FDED1C6E21300060DF31 /* SportsAppTests.m */,
				F242FDEF1C6E21300060DF31 /* Info.plist */,
			);
			path = SportsAppTests;
			sourceTree = "<group>";
		};
		F242FDF71C6E21300060DF31 /* SportsAppUITests */ = {
			isa = PBXGroup;
			children = (
				F242FDF81C6E21300060DF31 /* SportsAppUITests.m */,
				F242FDFA1C6E21300060DF31 /* Info.plist */,
			);
			path = SportsAppUITests;
			sourceTree = "<group>";
		};
/* End PBXGroup section */

/* Begin PBXNativeTarget section */
		F242FDCC1C6E212F0060DF31 /* SportsApp */ = {
			isa = PBXNativeTarget;
			buildConfigurationList = F242FDFD1C6E21300060DF31 /* Build configuration list for PBXNativeTarget "SportsApp" */;
			buildPhases = (
				F242FDC91C6E212F0060DF31 /* Sources */,
				F242FDCA1C6E212F0060DF31 /* Frameworks */,
				F242FDCB1C6E212F0060DF31 /* Resources */,
			);
			buildRules = (
			);
			dependencies = (
			);
			name = SportsApp;
			productName = SportsApp;
			productReference = F242FDCD1C6E212F0060DF31 /* SportsApp.app */;
			productType = "com.apple.product-type.application";
		};
		F242FDE81C6E21300060DF31 /* SportsAppTests */ = {
			isa = PBXNativeTarget;
			buildConfigurationList = F242FE001C6E21300060DF31 /* Build configuration list for PBXNativeTarget "SportsAppTests" */;
			buildPhases = (
				F242FDE51C6E21300060DF31 /* Sources */,
				F242FDE61C6E21300060DF31 /* Frameworks */,
				F242FDE71C6E21300060DF31 /* Resources */,
			);
			buildRules = (
			);
			dependencies = (
				F242FDEB1C6E21300060DF31 /* PBXTargetDependency */,
			);
			name = SportsAppTests;
			productName = SportsAppTests;
			productReference = F242FDE91C6E21300060DF31 /* SportsAppTests.xctest */;
			productType = "com.apple.product-type.bundle.unit-test";
		};
		F242FDF31C6E21300060DF31 /* SportsAppUITests */ = {
			isa = PBXNativeTarget;
			buildConfigurationList = F242FE031C6E21300060DF31 /* Build configuration list for PBXNativeTarget "SportsAppUITests" */;
			buildPhases = (
				F242FDF01C6E21300060DF31 /* Sources */,
				F242FDF11C6E21300060DF31 /* Frameworks */,
				F242FDF21C6E21300060DF31 /* Resources */,
			);
			buildRules = (
			);
			dependencies = (
				F242FDF61C6E21300060DF31 /* PBXTargetDependency */,
			);
			name = SportsAppUITests;
			productName = SportsAppUITests;
			productReference = F242FDF41C6E21300060DF31 /* SportsAppUITests.xctest */;
			productType = "com.apple.product-type.bundle.ui-testing";
		};
/* End PBXNativeTarget section */

/* Begin PBXProject section */
		F242FDC51C6E212F0060DF31 /* Project object */ = {
			isa = PBXProject;
			attributes = {
				LastUpgradeCheck = 0710;
				TargetAttributes = {
					F242FDCC1C6E212F0060DF31 = {
						CreatedOnToolsVersion = 7.1;
					};
					F242FDE81C6E21300060DF31 = {
						CreatedOnToolsVersion = 7.1;
						TestTargetID = F242FDCC1C6E212F0060DF31;
					};
					F242FDF31C6E21300060DF31 = {
						CreatedOnToolsVersion = 7.1;
						TestTargetID = F242FDCC1C6E212F0060DF31;
					};
				};
			};
			buildConfigurationList = F242FDC81C6E212F0060DF31 /* Build configuration list for PBXProject "SportsApp" */;
			compatibilityVersion = "Xcode 3.2";
			developmentRegion = English;
			hasScannedForEncodings = 0;
			knownRegions = (
				en,
				Base,
			);
			mainGroup = F242FDC41C6E212F0060DF31;
			productRefGroup = F242FDCE1C6E212F0060DF31 /* Products */;
			projectDirPath = "";
			projectRoot = "";
			targets = (
				F242FDCC1C6E212F0060DF31 /* SportsApp */,
				F242FDE81C6E21300060DF31 /* SportsAppTests */,
				F242FDF31C6E21300060DF31 /* SportsAppUITests */,
			);
		};
/* End PBXProject section */

/* Begin PBXResourcesBuildPhase section */
		F242FDCB1C6E212F0060DF31 /* Resources */ = {
			isa = PBXResourcesBuildPhase;
			buildActionMask = 2147483647;
			files = (
				C30DB60D1C732B9400E0D53C /* DetailsCustomView.xib in Resources */,
				C30DB60F1C732BA000E0D53C /* DetailsRightCustomView.xib in Resources */,
				0310D2611C73252D00420462 /* SliderCustomView.xib in Resources */,
				0310D24F1C7324C400420462 /* Organizer.storyboard in Resources */,
				C30DB6191C732D6600E0D53C /* NetViewController.xib in Resources */,
				C30DB61B1C732DA000E0D53C /* GroundViewControllerStoryboard.storyboard in Resources */,
				0304D2EA1C72FA3700B1CBAA /* Main.storyboard in Resources */,
				0310D24E1C7324C400420462 /* MatchScheduleViewController.xib in Resources */,
				F242FDE01C6E21300060DF31 /* Assets.xcassets in Resources */,
			);
			runOnlyForDeploymentPostprocessing = 0;
		};
		F242FDE71C6E21300060DF31 /* Resources */ = {
			isa = PBXResourcesBuildPhase;
			buildActionMask = 2147483647;
			files = (
			);
			runOnlyForDeploymentPostprocessing = 0;
		};
		F242FDF21C6E21300060DF31 /* Resources */ = {
			isa = PBXResourcesBuildPhase;
			buildActionMask = 2147483647;
			files = (
			);
			runOnlyForDeploymentPostprocessing = 0;
		};
/* End PBXResourcesBuildPhase section */

/* Begin PBXSourcesBuildPhase section */
		F242FDC91C6E212F0060DF31 /* Sources */ = {
			isa = PBXSourcesBuildPhase;
			buildActionMask = 2147483647;
			files = (
				F242FDD81C6E21300060DF31 /* ViewController.m in Sources */,
				0310D2591C7324FB00420462 /* EmptySegue.m in Sources */,
				0310D2641C7325A600420462 /* ContainerViewController.m in Sources */,
				0310D24D1C7324C400420462 /* MatchScheduleViewController.m in Sources */,
				C30DB6181C732D6600E0D53C /* NetViewController.m in Sources */,
				F242FDD51C6E21300060DF31 /* AppDelegate.m in Sources */,
				0310D24C1C7324C400420462 /* LoginViewController.m in Sources */,
				C30DB6081C732B2C00E0D53C /* DetailsCustomView.m in Sources */,
				C30DB6141C732CFA00E0D53C /* GroundViewController.m in Sources */,
				0310D2501C7324C400420462 /* OrganizerViewController.m in Sources */,
				F242FDDE1C6E21300060DF31 /* SportsApp.xcdatamodeld in Sources */,
				F242FDD21C6E21300060DF31 /* main.m in Sources */,
				0310D25A1C7324FB00420462 /* OrganizerObjectsClass.m in Sources */,
				C30DB60B1C732B4E00E0D53C /* DetailsRightCustomView.m in Sources */,
				0310D2601C73252D00420462 /* SliderCustomView.m in Sources */,
				0310D2511C7324C400420462 /* SignUpViewController.m in Sources */,
			);
			runOnlyForDeploymentPostprocessing = 0;
		};
		F242FDE51C6E21300060DF31 /* Sources */ = {
			isa = PBXSourcesBuildPhase;
			buildActionMask = 2147483647;
			files = (
				F242FDEE1C6E21300060DF31 /* SportsAppTests.m in Sources */,
			);
			runOnlyForDeploymentPostprocessing = 0;
		};
		F242FDF01C6E21300060DF31 /* Sources */ = {
			isa = PBXSourcesBuildPhase;
			buildActionMask = 2147483647;
			files = (
				F242FDF91C6E21300060DF31 /* SportsAppUITests.m in Sources */,
			);
			runOnlyForDeploymentPostprocessing = 0;
		};
/* End PBXSourcesBuildPhase section */

/* Begin PBXTargetDependency section */
		F242FDEB1C6E21300060DF31 /* PBXTargetDependency */ = {
			isa = PBXTargetDependency;
			target = F242FDCC1C6E212F0060DF31 /* SportsApp */;
			targetProxy = F242FDEA1C6E21300060DF31 /* PBXContainerItemProxy */;
		};
		F242FDF61C6E21300060DF31 /* PBXTargetDependency */ = {
			isa = PBXTargetDependency;
			target = F242FDCC1C6E212F0060DF31 /* SportsApp */;
			targetProxy = F242FDF51C6E21300060DF31 /* PBXContainerItemProxy */;
		};
/* End PBXTargetDependency section */

/* Begin XCBuildConfiguration section */
		F242FDFB1C6E21300060DF31 /* Debug */ = {
			isa = XCBuildConfiguration;
			buildSettings = {
				ALWAYS_SEARCH_USER_PATHS = NO;
				CLANG_CXX_LANGUAGE_STANDARD = "gnu++0x";
				CLANG_CXX_LIBRARY = "libc++";
				CLANG_ENABLE_MODULES = YES;
				CLANG_ENABLE_OBJC_ARC = YES;
				CLANG_WARN_BOOL_CONVERSION = YES;
				CLANG_WARN_CONSTANT_CONVERSION = YES;
				CLANG_WARN_DIRECT_OBJC_ISA_USAGE = YES_ERROR;
				CLANG_WARN_EMPTY_BODY = YES;
				CLANG_WARN_ENUM_CONVERSION = YES;
				CLANG_WARN_INT_CONVERSION = YES;
				CLANG_WARN_OBJC_ROOT_CLASS = YES_ERROR;
				CLANG_WARN_UNREACHABLE_CODE = YES;
				CLANG_WARN__DUPLICATE_METHOD_MATCH = YES;
				"CODE_SIGN_IDENTITY[sdk=iphoneos*]" = "iPhone Developer";
				COPY_PHASE_STRIP = NO;
				DEBUG_INFORMATION_FORMAT = dwarf;
				ENABLE_STRICT_OBJC_MSGSEND = YES;
				ENABLE_TESTABILITY = YES;
				GCC_C_LANGUAGE_STANDARD = gnu99;
				GCC_DYNAMIC_NO_PIC = NO;
				GCC_NO_COMMON_BLOCKS = YES;
				GCC_OPTIMIZATION_LEVEL = 0;
				GCC_PREPROCESSOR_DEFINITIONS = (
					"DEBUG=1",
					"$(inherited)",
				);
				GCC_WARN_64_TO_32_BIT_CONVERSION = YES;
				GCC_WARN_ABOUT_RETURN_TYPE = YES_ERROR;
				GCC_WARN_UNDECLARED_SELECTOR = YES;
				GCC_WARN_UNINITIALIZED_AUTOS = YES_AGGRESSIVE;
				GCC_WARN_UNUSED_FUNCTION = YES;
				GCC_WARN_UNUSED_VARIABLE = YES;
				IPHONEOS_DEPLOYMENT_TARGET = 9.1;
				MTL_ENABLE_DEBUG_INFO = YES;
				ONLY_ACTIVE_ARCH = YES;
				SDKROOT = iphoneos;
			};
			name = Debug;
		};
		F242FDFC1C6E21300060DF31 /* Release */ = {
			isa = XCBuildConfiguration;
			buildSettings = {
				ALWAYS_SEARCH_USER_PATHS = NO;
				CLANG_CXX_LANGUAGE_STANDARD = "gnu++0x";
				CLANG_CXX_LIBRARY = "libc++";
				CLANG_ENABLE_MODULES = YES;
				CLANG_ENABLE_OBJC_ARC = YES;
				CLANG_WARN_BOOL_CONVERSION = YES;
				CLANG_WARN_CONSTANT_CONVERSION = YES;
				CLANG_WARN_DIRECT_OBJC_ISA_USAGE = YES_ERROR;
				CLANG_WARN_EMPTY_BODY = YES;
				CLANG_WARN_ENUM_CONVERSION = YES;
				CLANG_WARN_INT_CONVERSION = YES;
				CLANG_WARN_OBJC_ROOT_CLASS = YES_ERROR;
				CLANG_WARN_UNREACHABLE_CODE = YES;
				CLANG_WARN__DUPLICATE_METHOD_MATCH = YES;
				"CODE_SIGN_IDENTITY[sdk=iphoneos*]" = "iPhone Developer";
				COPY_PHASE_STRIP = NO;
				DEBUG_INFORMATION_FORMAT = "dwarf-with-dsym";
				ENABLE_NS_ASSERTIONS = NO;
				ENABLE_STRICT_OBJC_MSGSEND = YES;
				GCC_C_LANGUAGE_STANDARD = gnu99;
				GCC_NO_COMMON_BLOCKS = YES;
				GCC_WARN_64_TO_32_BIT_CONVERSION = YES;
				GCC_WARN_ABOUT_RETURN_TYPE = YES_ERROR;
				GCC_WARN_UNDECLARED_SELECTOR = YES;
				GCC_WARN_UNINITIALIZED_AUTOS = YES_AGGRESSIVE;
				GCC_WARN_UNUSED_FUNCTION = YES;
				GCC_WARN_UNUSED_VARIABLE = YES;
				IPHONEOS_DEPLOYMENT_TARGET = 9.1;
				MTL_ENABLE_DEBUG_INFO = NO;
				SDKROOT = iphoneos;
				VALIDATE_PRODUCT = YES;
			};
			name = Release;
		};
		F242FDFE1C6E21300060DF31 /* Debug */ = {
			isa = XCBuildConfiguration;
			buildSettings = {
				ASSETCATALOG_COMPILER_APPICON_NAME = AppIcon;
				INFOPLIST_FILE = SportsApp/Info.plist;
				LD_RUNPATH_SEARCH_PATHS = "$(inherited) @executable_path/Frameworks";
				PRODUCT_BUNDLE_IDENTIFIER = com..SportsApp;
				PRODUCT_NAME = "$(TARGET_NAME)";
			};
			name = Debug;
		};
		F242FDFF1C6E21300060DF31 /* Release */ = {
			isa = XCBuildConfiguration;
			buildSettings = {
				ASSETCATALOG_COMPILER_APPICON_NAME = AppIcon;
				INFOPLIST_FILE = SportsApp/Info.plist;
				LD_RUNPATH_SEARCH_PATHS = "$(inherited) @executable_path/Frameworks";
				PRODUCT_BUNDLE_IDENTIFIER = com..SportsApp;
				PRODUCT_NAME = "$(TARGET_NAME)";
			};
			name = Release;
		};
		F242FE011C6E21300060DF31 /* Debug */ = {
			isa = XCBuildConfiguration;
			buildSettings = {
				BUNDLE_LOADER = "$(TEST_HOST)";
				INFOPLIST_FILE = SportsAppTests/Info.plist;
				LD_RUNPATH_SEARCH_PATHS = "$(inherited) @executable_path/Frameworks @loader_path/Frameworks";
				PRODUCT_BUNDLE_IDENTIFIER = com..SportsAppTests;
				PRODUCT_NAME = "$(TARGET_NAME)";
				TEST_HOST = "$(BUILT_PRODUCTS_DIR)/SportsApp.app/SportsApp";
			};
			name = Debug;
		};
		F242FE021C6E21300060DF31 /* Release */ = {
			isa = XCBuildConfiguration;
			buildSettings = {
				BUNDLE_LOADER = "$(TEST_HOST)";
				INFOPLIST_FILE = SportsAppTests/Info.plist;
				LD_RUNPATH_SEARCH_PATHS = "$(inherited) @executable_path/Frameworks @loader_path/Frameworks";
				PRODUCT_BUNDLE_IDENTIFIER = com..SportsAppTests;
				PRODUCT_NAME = "$(TARGET_NAME)";
				TEST_HOST = "$(BUILT_PRODUCTS_DIR)/SportsApp.app/SportsApp";
			};
			name = Release;
		};
		F242FE041C6E21300060DF31 /* Debug */ = {
			isa = XCBuildConfiguration;
			buildSettings = {
				INFOPLIST_FILE = SportsAppUITests/Info.plist;
				LD_RUNPATH_SEARCH_PATHS = "$(inherited) @executable_path/Frameworks @loader_path/Frameworks";
				PRODUCT_BUNDLE_IDENTIFIER = com..SportsAppUITests;
				PRODUCT_NAME = "$(TARGET_NAME)";
				TEST_TARGET_NAME = SportsApp;
				USES_XCTRUNNER = YES;
			};
			name = Debug;
		};
		F242FE051C6E21300060DF31 /* Release */ = {
			isa = XCBuildConfiguration;
			buildSettings = {
				INFOPLIST_FILE = SportsAppUITests/Info.plist;
				LD_RUNPATH_SEARCH_PATHS = "$(inherited) @executable_path/Frameworks @loader_path/Frameworks";
				PRODUCT_BUNDLE_IDENTIFIER = com..SportsAppUITests;
				PRODUCT_NAME = "$(TARGET_NAME)";
				TEST_TARGET_NAME = SportsApp;
				USES_XCTRUNNER = YES;
			};
			name = Release;
		};
/* End XCBuildConfiguration section */

/* Begin XCConfigurationList section */
		F242FDC81C6E212F0060DF31 /* Build configuration list for PBXProject "SportsApp" */ = {
			isa = XCConfigurationList;
			buildConfigurations = (
				F242FDFB1C6E21300060DF31 /* Debug */,
				F242FDFC1C6E21300060DF31 /* Release */,
			);
			defaultConfigurationIsVisible = 0;
			defaultConfigurationName = Release;
		};
		F242FDFD1C6E21300060DF31 /* Build configuration list for PBXNativeTarget "SportsApp" */ = {
			isa = XCConfigurationList;
			buildConfigurations = (
				F242FDFE1C6E21300060DF31 /* Debug */,
				F242FDFF1C6E21300060DF31 /* Release */,
			);
			defaultConfigurationIsVisible = 0;
			defaultConfigurationName = Release;
		};
		F242FE001C6E21300060DF31 /* Build configuration list for PBXNativeTarget "SportsAppTests" */ = {
			isa = XCConfigurationList;
			buildConfigurations = (
				F242FE011C6E21300060DF31 /* Debug */,
				F242FE021C6E21300060DF31 /* Release */,
			);
			defaultConfigurationIsVisible = 0;
			defaultConfigurationName = Release;
		};
		F242FE031C6E21300060DF31 /* Build configuration list for PBXNativeTarget "SportsAppUITests" */ = {
			isa = XCConfigurationList;
			buildConfigurations = (
				F242FE041C6E21300060DF31 /* Debug */,
				F242FE051C6E21300060DF31 /* Release */,
			);
			defaultConfigurationIsVisible = 0;
			defaultConfigurationName = Release;
		};
/* End XCConfigurationList section */

/* Begin XCVersionGroup section */
		F242FDDC1C6E21300060DF31 /* SportsApp.xcdatamodeld */ = {
			isa = XCVersionGroup;
			children = (
				F242FDDD1C6E21300060DF31 /* SportsApp.xcdatamodel */,
			);
			currentVersion = F242FDDD1C6E21300060DF31 /* SportsApp.xcdatamodel */;
			path = SportsApp.xcdatamodeld;
			sourceTree = "<group>";
			versionGroupType = wrapper.xcdatamodel;
		};
/* End XCVersionGroup section */
	};
	rootObject = F242FDC51C6E212F0060DF31 /* Project object */;
}
